# THIS IS AN AUTOGENERATED FILE. DO NOT EDIT THIS FILE DIRECTLY.
# yarn lockfile v1


"@babel/runtime@^7.21.0", "@babel/runtime@^7.24.7", "@babel/runtime@^7.5.5", "@babel/runtime@^7.6.3", "@babel/runtime@^7.8.7":
  version "7.24.7"
  resolved "https://registry.yarnpkg.com/@babel/runtime/-/runtime-7.24.7.tgz#f4f0d5530e8dbdf59b3451b9b3e594b6ba082e12"
  integrity sha512-UwgBRMjJP+xv857DCngvqXI3Iq6J4v0wXmwc6sapg+zyhbwmQX67LUEFrkK5tbyJ30jGuG3ZvWpBiB9LCy1kWw==
  dependencies:
    regenerator-runtime "^0.14.0"

"@next/env@14.2.4":
  version "14.2.4"
  resolved "https://registry.yarnpkg.com/@next/env/-/env-14.2.4.tgz#5546813dc4f809884a37d257b254a5ce1b0248d7"
  integrity sha512-3EtkY5VDkuV2+lNmKlbkibIJxcO4oIHEhBWne6PaAp+76J9KoSsGvNikp6ivzAT8dhhBMYrm6op2pS1ApG0Hzg==

"@next/swc-darwin-arm64@14.2.4":
  version "14.2.4"
  resolved "https://registry.yarnpkg.com/@next/swc-darwin-arm64/-/swc-darwin-arm64-14.2.4.tgz#da9f04c34a3d5f0b8401ed745768420e4a604036"
  integrity sha512-AH3mO4JlFUqsYcwFUHb1wAKlebHU/Hv2u2kb1pAuRanDZ7pD/A/KPD98RHZmwsJpdHQwfEc/06mgpSzwrJYnNg==

"@next/swc-darwin-x64@14.2.4":
  version "14.2.4"
  resolved "https://registry.yarnpkg.com/@next/swc-darwin-x64/-/swc-darwin-x64-14.2.4.tgz#46dedb29ec5503bf171a72a3ecb8aac6e738e9d6"
  integrity sha512-QVadW73sWIO6E2VroyUjuAxhWLZWEpiFqHdZdoQ/AMpN9YWGuHV8t2rChr0ahy+irKX5mlDU7OY68k3n4tAZTg==

"@next/swc-linux-arm64-gnu@14.2.4":
  version "14.2.4"
  resolved "https://registry.yarnpkg.com/@next/swc-linux-arm64-gnu/-/swc-linux-arm64-gnu-14.2.4.tgz#c9697ab9eb422bd1d7ffd0eb0779cc2aefa9d4a1"
  integrity sha512-KT6GUrb3oyCfcfJ+WliXuJnD6pCpZiosx2X3k66HLR+DMoilRb76LpWPGb4tZprawTtcnyrv75ElD6VncVamUQ==

"@next/swc-linux-arm64-musl@14.2.4":
  version "14.2.4"
  resolved "https://registry.yarnpkg.com/@next/swc-linux-arm64-musl/-/swc-linux-arm64-musl-14.2.4.tgz#cbbceb2008571c743b5a310a488d2e166d200a75"
  integrity sha512-Alv8/XGSs/ytwQcbCHwze1HmiIkIVhDHYLjczSVrf0Wi2MvKn/blt7+S6FJitj3yTlMwMxII1gIJ9WepI4aZ/A==

"@next/swc-linux-x64-gnu@14.2.4":
  version "14.2.4"
  resolved "https://registry.yarnpkg.com/@next/swc-linux-x64-gnu/-/swc-linux-x64-gnu-14.2.4.tgz#d79184223f857bacffb92f643cb2943a43632568"
  integrity sha512-ze0ShQDBPCqxLImzw4sCdfnB3lRmN3qGMB2GWDRlq5Wqy4G36pxtNOo2usu/Nm9+V2Rh/QQnrRc2l94kYFXO6Q==

"@next/swc-linux-x64-musl@14.2.4":
  version "14.2.4"
  resolved "https://registry.yarnpkg.com/@next/swc-linux-x64-musl/-/swc-linux-x64-musl-14.2.4.tgz#6b6c3e5ac02ca5e63394d280ec8ee607491902df"
  integrity sha512-8dwC0UJoc6fC7PX70csdaznVMNr16hQrTDAMPvLPloazlcaWfdPogq+UpZX6Drqb1OBlwowz8iG7WR0Tzk/diQ==

"@next/swc-win32-arm64-msvc@14.2.4":
  version "14.2.4"
  resolved "https://registry.yarnpkg.com/@next/swc-win32-arm64-msvc/-/swc-win32-arm64-msvc-14.2.4.tgz#dbad3906e870dba84c5883d9d4c4838472e0697f"
  integrity sha512-jxyg67NbEWkDyvM+O8UDbPAyYRZqGLQDTPwvrBBeOSyVWW/jFQkQKQ70JDqDSYg1ZDdl+E3nkbFbq8xM8E9x8A==

"@next/swc-win32-ia32-msvc@14.2.4":
  version "14.2.4"
  resolved "https://registry.yarnpkg.com/@next/swc-win32-ia32-msvc/-/swc-win32-ia32-msvc-14.2.4.tgz#6074529b91ba49132922ce89a2e16d25d2ec235d"
  integrity sha512-twrmN753hjXRdcrZmZttb/m5xaCBFa48Dt3FbeEItpJArxriYDunWxJn+QFXdJ3hPkm4u7CKxncVvnmgQMY1ag==

"@next/swc-win32-x64-msvc@14.2.4":
  version "14.2.4"
  resolved "https://registry.yarnpkg.com/@next/swc-win32-x64-msvc/-/swc-win32-x64-msvc-14.2.4.tgz#e65a1c6539a671f97bb86d5183d6e3a1733c29c7"
  integrity sha512-tkLrjBzqFTP8DVrAAQmZelEahfR9OxWpFR++vAI9FBhCiIxtwHwBHC23SBHCTURBtwB4kc/x44imVOnkKGNVGg==

"@popperjs/core@^2.11.6":
  version "2.11.8"
  resolved "https://registry.yarnpkg.com/@popperjs/core/-/core-2.11.8.tgz#6b79032e760a0899cd4204710beede972a3a185f"
  integrity sha512-P1st0aksCrn9sGZhp8GMYwBnQsbvAWsZAX44oXNNvLHGqAOcoVxmjZiohstwQ7SqKnbR47akdNi+uleWD8+g6A==

"@react-aria/ssr@^3.5.0":
  version "3.9.4"
  resolved "https://registry.yarnpkg.com/@react-aria/ssr/-/ssr-3.9.4.tgz#9da8b10342c156e816dbfa4c9e713b21f274d7ab"
  integrity sha512-4jmAigVq409qcJvQyuorsmBR4+9r3+JEC60wC+Y0MZV0HCtTmm8D9guYXlJMdx0SSkgj0hHAyFm/HvPNFofCoQ==
  dependencies:
    "@swc/helpers" "^0.5.0"

"@restart/hooks@^0.4.9":
  version "0.4.16"
  resolved "https://registry.yarnpkg.com/@restart/hooks/-/hooks-0.4.16.tgz#95ae8ac1cc7e2bd4fed5e39800ff85604c6d59fb"
  integrity sha512-f7aCv7c+nU/3mF7NWLtVVr0Ra80RqsO89hO72r+Y/nvQr5+q0UFGkocElTH6MJApvReVh6JHUFYn2cw1WdHF3w==
  dependencies:
    dequal "^2.0.3"

"@restart/ui@^1.6.9":
  version "1.6.9"
  resolved "https://registry.yarnpkg.com/@restart/ui/-/ui-1.6.9.tgz#05ec905a56486fa39b62f29c09b3917e57acd62f"
  integrity sha512-mUbygUsJcRurjZCt1f77gg4DpheD1D+Sc7J3JjAkysUj7t8m4EBJVOqWC9788Qtbc69cJ+HlJc6jBguKwS8Mcw==
  dependencies:
    "@babel/runtime" "^7.21.0"
    "@popperjs/core" "^2.11.6"
    "@react-aria/ssr" "^3.5.0"
    "@restart/hooks" "^0.4.9"
    "@types/warning" "^3.0.0"
    dequal "^2.0.3"
    dom-helpers "^5.2.0"
    uncontrollable "^8.0.1"
    warning "^4.0.3"

"@swc/counter@^0.1.3":
  version "0.1.3"
  resolved "https://registry.yarnpkg.com/@swc/counter/-/counter-0.1.3.tgz#cc7463bd02949611c6329596fccd2b0ec782b0e9"
  integrity sha512-e2BR4lsJkkRlKZ/qCHPw9ZaSxc0MVUd7gtbtaB7aMvHeJVYe8sOB8DBZkP2DtISHGSku9sCK6T6cnY0CtXrOCQ==

"@swc/helpers@0.5.5":
  version "0.5.5"
  resolved "https://registry.yarnpkg.com/@swc/helpers/-/helpers-0.5.5.tgz#12689df71bfc9b21c4f4ca00ae55f2f16c8b77c0"
  integrity sha512-KGYxvIOXcceOAbEk4bi/dVLEK9z8sZ0uBB3Il5b1rhfClSpcX0yfRO0KmTkqR2cnQDymwLB+25ZyMzICg/cm/A==
  dependencies:
    "@swc/counter" "^0.1.3"
    tslib "^2.4.0"

"@swc/helpers@^0.5.0":
  version "0.5.11"
  resolved "https://registry.yarnpkg.com/@swc/helpers/-/helpers-0.5.11.tgz#5bab8c660a6e23c13b2d23fcd1ee44a2db1b0cb7"
  integrity sha512-YNlnKRWF2sVojTpIyzwou9XoTNbzbzONwRhOoniEioF1AtaitTvVZblaQRrAzChWQ1bLYyYSWzM18y4WwgzJ+A==
  dependencies:
    tslib "^2.4.0"

"@types/debug@^4.1.8":
  version "4.1.12"
  resolved "https://registry.yarnpkg.com/@types/debug/-/debug-4.1.12.tgz#a155f21690871953410df4b6b6f53187f0500917"
  integrity sha512-vIChWdVG3LG1SMxEvI/AK+FWJthlrqlTu7fbrlywTkkaONwk/UAGaULXRlf8vkzFBLVm0zkMdCquhL5aOjhXPQ==
  dependencies:
    "@types/ms" "*"

"@types/ms@*":
  version "0.7.34"
  resolved "https://registry.yarnpkg.com/@types/ms/-/ms-0.7.34.tgz#10964ba0dee6ac4cd462e2795b6bebd407303433"
  integrity sha512-nG96G3Wp6acyAgJqGasjODb+acrI7KltPiRxzHPXnP3NgI28bpQDRv53olbqGXbfcgF5aiiHmO3xpwEpS5Ld9g==

"@types/node@*":
  version "20.14.8"
  resolved "https://registry.yarnpkg.com/@types/node/-/node-20.14.8.tgz#45c26a2a5de26c3534a9504530ddb3b27ce031ac"
  integrity sha512-DO+2/jZinXfROG7j7WKFn/3C6nFwxy2lLpgLjEXJz+0XKphZlTLJ14mo8Vfg8X5BWN6XjyESXq+LcYdT7tR3bA==
  dependencies:
    undici-types "~5.26.4"

"@types/prop-types@*":
  version "15.7.12"
  resolved "https://registry.yarnpkg.com/@types/prop-types/-/prop-types-15.7.12.tgz#12bb1e2be27293c1406acb6af1c3f3a1481d98c6"
  integrity sha512-5zvhXYtRNRluoE/jAp4GVsSduVUzNWKkOZrCDBWYtE7biZywwdC2AcEzg+cSMLFRfVgeAFqpfNabiPjxFddV1Q==

"@types/react-transition-group@^4.4.6":
  version "4.4.10"
  resolved "https://registry.yarnpkg.com/@types/react-transition-group/-/react-transition-group-4.4.10.tgz#6ee71127bdab1f18f11ad8fb3322c6da27c327ac"
  integrity sha512-hT/+s0VQs2ojCX823m60m5f0sL5idt9SO6Tj6Dg+rdphGPIeJbJ6CxvBYkgkGKrYeDjvIpKTR38UzmtHJOGW3Q==
  dependencies:
    "@types/react" "*"

"@types/react@*", "@types/react@>=16.9.11":
  version "18.3.3"
  resolved "https://registry.yarnpkg.com/@types/react/-/react-18.3.3.tgz#9679020895318b0915d7a3ab004d92d33375c45f"
  integrity sha512-hti/R0pS0q1/xx+TsI73XIqk26eBsISZ2R0wUijXIngRK9R/e7Xw/cXVxQK7R5JjW+SV4zGcn5hXjudkN/pLIw==
  dependencies:
    "@types/prop-types" "*"
    csstype "^3.0.2"

"@types/validator@^13.7.17":
  version "13.12.0"
  resolved "https://registry.yarnpkg.com/@types/validator/-/validator-13.12.0.tgz#1fe4c3ae9de5cf5193ce64717c99ef2fa7d8756f"
  integrity sha512-nH45Lk7oPIJ1RVOF6JgFI6Dy0QpHEzq4QecZhvguxYPDwT8c93prCMqAtiIttm39voZ+DDR+qkNnMpJmMBRqag==

"@types/warning@^3.0.0":
  version "3.0.3"
  resolved "https://registry.yarnpkg.com/@types/warning/-/warning-3.0.3.tgz#d1884c8cc4a426d1ac117ca2611bf333834c6798"
  integrity sha512-D1XC7WK8K+zZEveUPY+cf4+kgauk8N4eHr/XIHXGlGYkHLud6hK9lYfZk1ry1TNh798cZUCgb6MqGEG8DkJt6Q==

append-field@^1.0.0:
  version "1.0.0"
  resolved "https://registry.yarnpkg.com/append-field/-/append-field-1.0.0.tgz#1e3440e915f0b1203d23748e78edd7b9b5b43e56"
  integrity sha512-klpgFSWLW1ZEs8svjfb7g4qWY0YS5imI82dTg+QahUvJ8YqAY0P10Uk8tTyh9ZGuYEZEMaeJYCF5BFuX552hsw==

asap@^2.0.0:
  version "2.0.6"
  resolved "https://registry.yarnpkg.com/asap/-/asap-2.0.6.tgz#e50347611d7e690943208bbdafebcbc2fb866d46"
  integrity sha512-BSHWgDSAiKs50o2Re8ppvp3seVHXSRM44cdSsT9FfNEUUZLOGWVCsiWaRPWM1Znn+mqZ1OfVZ3z3DWEzSp7hRA==

asynckit@^0.4.0:
  version "0.4.0"
  resolved "https://registry.yarnpkg.com/asynckit/-/asynckit-0.4.0.tgz#c79ed97f7f34cb8f2ba1bc9790bcc366474b4b79"
  integrity sha512-Oei9OH4tRh0YqU3GxhX79dM/mwVgvbZJaSNaRk+bshkj0S5cfHcgYakreBjrHwatXKbz+IoIdYLxrKim2MjW0Q==

axios@^1.7.2:
  version "1.7.2"
  resolved "https://registry.yarnpkg.com/axios/-/axios-1.7.2.tgz#b625db8a7051fbea61c35a3cbb3a1daa7b9c7621"
  integrity sha512-2A8QhOMrbomlDuiLeK9XibIBzuHeRcqqNOHp0Cyp5EoJ1IFDh+XZH3A6BkXtv0K4gFGCI0Y4BM7B1wOEi0Rmgw==
  dependencies:
    follow-redirects "^1.15.6"
    form-data "^4.0.0"
    proxy-from-env "^1.1.0"

bootstrap@^5.3.3:
  version "5.3.3"
  resolved "https://registry.yarnpkg.com/bootstrap/-/bootstrap-5.3.3.tgz#de35e1a765c897ac940021900fcbb831602bac38"
  integrity sha512-8HLCdWgyoMguSO9o+aH+iuZ+aht+mzW0u3HIMzVu7Srrpv7EBBxTnrFlSCskwdY1+EOFQSm7uMJhNQHkdPcmjg==

buffer-from@^1.0.0:
  version "1.1.2"
  resolved "https://registry.yarnpkg.com/buffer-from/-/buffer-from-1.1.2.tgz#2b146a6fd72e80b4f55d255f35ed59a3a9a41bd5"
  integrity sha512-E+XQCRwSbaaiChtv6k6Dwgc+bx+Bs6vuKJHHl5kox/BaKbhiXzqQOwK4cO22yElGp2OCmjwVhT3HmxgyPGnJfQ==

busboy@1.6.0, busboy@^1.0.0:
  version "1.6.0"
  resolved "https://registry.yarnpkg.com/busboy/-/busboy-1.6.0.tgz#966ea36a9502e43cdb9146962523b92f531f6893"
  integrity sha512-8SFQbg/0hQ9xy3UNTB0YEnsNBbWfhf7RtnzpL7TkBiTBRfrQ9Fxcnz7VJsleJpyp6rVLvXiuORqjlHi5q+PYuA==
  dependencies:
    streamsearch "^1.1.0"

caniuse-lite@^1.0.30001579:
  version "1.0.30001636"
  resolved "https://registry.yarnpkg.com/caniuse-lite/-/caniuse-lite-1.0.30001636.tgz#b15f52d2bdb95fad32c2f53c0b68032b85188a78"
  integrity sha512-bMg2vmr8XBsbL6Lr0UHXy/21m84FTxDLWn2FSqMd5PrlbMxwJlQnC2YWYxVgp66PZE+BBNF2jYQUBKCo1FDeZg==

classnames@^2.3.2:
  version "2.5.1"
  resolved "https://registry.yarnpkg.com/classnames/-/classnames-2.5.1.tgz#ba774c614be0f016da105c858e7159eae8e7687b"
  integrity sha512-saHYOzhIQs6wy2sVxTM6bUDsQO4F50V9RQ22qBpEdCW+I+/Wmke2HOl6lS6dTpdxVhb88/I6+Hs+438c3lfUow==

client-only@0.0.1:
  version "0.0.1"
  resolved "https://registry.yarnpkg.com/client-only/-/client-only-0.0.1.tgz#38bba5d403c41ab150bff64a95c85013cf73bca1"
  integrity sha512-IV3Ou0jSMzZrd3pZ48nLkT9DA7Ag1pnPzaiQhpW7c3RbcqqzvzzVu+L8gfqMp/8IM2MQtSiqaCxrrcfu8I8rMA==

combined-stream@^1.0.8:
  version "1.0.8"
  resolved "https://registry.yarnpkg.com/combined-stream/-/combined-stream-1.0.8.tgz#c3d45a8b34fd730631a110a8a2520682b31d5a7f"
  integrity sha512-FQN4MRfuJeHf7cBbBMJFXhKSDq+2kAArBlmRBvcvFE5BB1HZKXtSFASDhdlz9zOYwxh8lDdnvmMOe/+5cdoEdg==
  dependencies:
    delayed-stream "~1.0.0"

concat-stream@^1.5.2:
  version "1.6.2"
  resolved "https://registry.yarnpkg.com/concat-stream/-/concat-stream-1.6.2.tgz#904bdf194cd3122fc675c77fc4ac3d4ff0fd1a34"
  integrity sha512-27HBghJxjiZtIk3Ycvn/4kbJk/1uZuJFfuPEns6LaEvpvG1f0hTea8lilrouyo9mVc2GWdcEZ8OLoGmSADlrCw==
  dependencies:
    buffer-from "^1.0.0"
    inherits "^2.0.3"
    readable-stream "^2.2.2"
    typedarray "^0.0.6"

core-util-is@~1.0.0:
  version "1.0.3"
  resolved "https://registry.yarnpkg.com/core-util-is/-/core-util-is-1.0.3.tgz#a6042d3634c2b27e9328f837b965fac83808db85"
  integrity sha512-ZQBvi1DcpJ4GDqanjucZ2Hj3wEO5pZDS89BWbkcrvdxksJorwUDDZamX9ldFkp9aw2lmBDLgkObEA4DWNJ9FYQ==

csstype@^3.0.2:
  version "3.1.3"
  resolved "https://registry.yarnpkg.com/csstype/-/csstype-3.1.3.tgz#d80ff294d114fb0e6ac500fbf85b60137d7eff81"
  integrity sha512-M1uQkMl8rQK/szD0LNhtqxIPLpimGm8sOBwU7lLnCpSbTyY3yeU1Vc7l4KT5zT4s/yOxHH5O7tIuuLOCnLADRw==

debug@^4.3.4:
  version "4.3.5"
  resolved "https://registry.yarnpkg.com/debug/-/debug-4.3.5.tgz#e83444eceb9fedd4a1da56d671ae2446a01a6e1e"
  integrity sha512-pt0bNEmneDIvdL1Xsd9oDQ/wrQRkXDT4AUWlNZNPKvW5x/jyO9VFXkJUP07vQ2upmw5PlaITaPKc31jK13V+jg==
  dependencies:
    ms "2.1.2"

delayed-stream@~1.0.0:
  version "1.0.0"
  resolved "https://registry.yarnpkg.com/delayed-stream/-/delayed-stream-1.0.0.tgz#df3ae199acadfb7d440aaae0b29e2272b24ec619"
  integrity sha512-ZySD7Nf91aLB0RxL4KGrKHBXl7Eds1DAmEdcoVawXnLD7SDhpNgtuII2aAkg7a7QS41jxPSZ17p4VdGnMHk3MQ==

denque@^2.1.0:
  version "2.1.0"
  resolved "https://registry.yarnpkg.com/denque/-/denque-2.1.0.tgz#e93e1a6569fb5e66f16a3c2a2964617d349d6ab1"
  integrity sha512-HVQE3AAb/pxF8fQAoiqpvg9i3evqug3hoiwakOyZAwJm+6vZehbkYXZ0l4JxS+I3QxM97v5aaRNhj8v5oBhekw==

dequal@^2.0.3:
  version "2.0.3"
  resolved "https://registry.yarnpkg.com/dequal/-/dequal-2.0.3.tgz#2644214f1997d39ed0ee0ece72335490a7ac67be"
  integrity sha512-0je+qPKHEMohvfRTCEo3CrPG6cAzAYgmzKyxRiYSSDkS6eGJdyVJm7WaYA5ECaAD9wLB2T4EEeymA5aFVcYXCA==

dezalgo@^1.0.4:
  version "1.0.4"
  resolved "https://registry.yarnpkg.com/dezalgo/-/dezalgo-1.0.4.tgz#751235260469084c132157dfa857f386d4c33d81"
  integrity sha512-rXSP0bf+5n0Qonsb+SVVfNfIsimO4HEtmnIpPHY8Q1UCzKlQrDMfdobr8nJOOsRgWCyMRqeSBQzmWUMq7zvVig==
  dependencies:
    asap "^2.0.0"
    wrappy "1"

dom-helpers@^5.0.1, dom-helpers@^5.2.0, dom-helpers@^5.2.1:
  version "5.2.1"
  resolved "https://registry.yarnpkg.com/dom-helpers/-/dom-helpers-5.2.1.tgz#d9400536b2bf8225ad98fe052e029451ac40e902"
  integrity sha512-nRCa7CK3VTrM2NmGkIy4cbK7IZlgBE/PYMn55rrXefr5xXDP0LdtfPnblFDoVdcAfslJ7or6iqAUnx0CCGIWQA==
  dependencies:
    "@babel/runtime" "^7.8.7"
    csstype "^3.0.2"

dottie@^2.0.6:
  version "2.0.6"
  resolved "https://registry.yarnpkg.com/dottie/-/dottie-2.0.6.tgz#34564ebfc6ec5e5772272d466424ad5b696484d4"
  integrity sha512-iGCHkfUc5kFekGiqhe8B/mdaurD+lakO9txNnTvKtA6PISrw86LgqHvRzWYPyoE2Ph5aMIrCw9/uko6XHTKCwA==

follow-redirects@^1.15.6:
  version "1.15.6"
  resolved "https://registry.yarnpkg.com/follow-redirects/-/follow-redirects-1.15.6.tgz#7f815c0cda4249c74ff09e95ef97c23b5fd0399b"
  integrity sha512-wWN62YITEaOpSK584EZXJafH1AGpO8RVgElfkuXbTOrPX4fIfOyEpW/CsiNd8JdYrAoOvafRTOEnvsO++qCqFA==

form-data@^4.0.0:
  version "4.0.0"
  resolved "https://registry.yarnpkg.com/form-data/-/form-data-4.0.0.tgz#93919daeaf361ee529584b9b31664dc12c9fa452"
  integrity sha512-ETEklSGi5t0QMZuiXoA/Q6vcnxcLQP5vdugSpuAyi6SVGi2clPPp+xgEhuMaHC+zGgn31Kd235W35f7Hykkaww==
  dependencies:
    asynckit "^0.4.0"
    combined-stream "^1.0.8"
    mime-types "^2.1.12"

formidable-serverless@^1.1.1:
  version "1.1.1"
  resolved "https://registry.yarnpkg.com/formidable-serverless/-/formidable-serverless-1.1.1.tgz#2b668d6e92d5222794a48ed485bcf7cd47efebfb"
  integrity sha512-IUVI2m7d46YnWRZ9RG+wvmLoX0tTrk9P6oFc53QVjM9k0XhqzeyjwDi05PLvpGNKbyLvB3gfsAc+Lk6efM3FGQ==
  dependencies:
    formidable "^1.2.2"

formidable@^1.2.2:
  version "1.2.6"
  resolved "https://registry.yarnpkg.com/formidable/-/formidable-1.2.6.tgz#d2a51d60162bbc9b4a055d8457a7c75315d1a168"
  integrity sha512-KcpbcpuLNOwrEjnbpMC0gS+X8ciDoZE1kkqzat4a8vrprf+s9pKNQ/QIwWfbfs4ltgmFl3MD177SNTkve3BwGQ==

formidable@^3.5.1:
  version "3.5.1"
  resolved "https://registry.yarnpkg.com/formidable/-/formidable-3.5.1.tgz#9360a23a656f261207868b1484624c4c8d06ee1a"
  integrity sha512-WJWKelbRHN41m5dumb0/k8TeAx7Id/y3a+Z7QfhxP/htI9Js5zYaEDtG8uMgG0vM0lOlqnmjE99/kfpOYi/0Og==
  dependencies:
    dezalgo "^1.0.4"
    hexoid "^1.0.0"
    once "^1.4.0"

generate-function@^2.3.1:
  version "2.3.1"
  resolved "https://registry.yarnpkg.com/generate-function/-/generate-function-2.3.1.tgz#f069617690c10c868e73b8465746764f97c3479f"
  integrity sha512-eeB5GfMNeevm/GRYq20ShmsaGcmI81kIX2K9XQx5miC8KdHaC6Jm0qQ8ZNeGOi7wYB8OsdxKs+Y2oVuTFuVwKQ==
  dependencies:
    is-property "^1.0.2"

graceful-fs@^4.2.11:
  version "4.2.11"
  resolved "https://registry.yarnpkg.com/graceful-fs/-/graceful-fs-4.2.11.tgz#4183e4e8bf08bb6e05bbb2f7d2e0c8f712ca40e3"
  integrity sha512-RbJ5/jmFcNNCcDV5o9eTnBLJ/HszWV0P73bc+Ff4nS/rJj+YaS6IGyiOL0VoBYX+l1Wrl3k63h/KrH+nhJ0XvQ==

hexoid@^1.0.0:
  version "1.0.0"
  resolved "https://registry.yarnpkg.com/hexoid/-/hexoid-1.0.0.tgz#ad10c6573fb907de23d9ec63a711267d9dc9bc18"
  integrity sha512-QFLV0taWQOZtvIRIAdBChesmogZrtuXvVWsFHZTk2SU+anspqZ2vMnoLg7IE1+Uk16N19APic1BuF8bC8c2m5g==

iconv-lite@^0.6.3:
  version "0.6.3"
  resolved "https://registry.yarnpkg.com/iconv-lite/-/iconv-lite-0.6.3.tgz#a52f80bf38da1952eb5c681790719871a1a72501"
  integrity sha512-4fCk79wshMdzMp2rH06qWrJE4iolqLhCUH+OiuIgU++RB0+94NlDL81atO7GX55uUKueo0txHNtvEyI6D7WdMw==
  dependencies:
    safer-buffer ">= 2.1.2 < 3.0.0"

inflection@^1.13.4:
  version "1.13.4"
  resolved "https://registry.yarnpkg.com/inflection/-/inflection-1.13.4.tgz#65aa696c4e2da6225b148d7a154c449366633a32"
  integrity sha512-6I/HUDeYFfuNCVS3td055BaXBwKYuzw7K3ExVMStBowKo9oOAMJIXIHvdyR3iboTCp1b+1i5DSkIZTcwIktuDw==

inherits@^2.0.3, inherits@~2.0.3:
  version "2.0.4"
  resolved "https://registry.yarnpkg.com/inherits/-/inherits-2.0.4.tgz#0fa2c64f932917c3433a0ded55363aae37416b7c"
  integrity sha512-k/vGaX4/Yla3WzyMCvTQOXYeIHvqOKtnqBduzTHpzpQZzAskKMhZ2K+EnBiSM9zGSoIFeMpXKxa4dYeZIQqewQ==

invariant@^2.2.4:
  version "2.2.4"
  resolved "https://registry.yarnpkg.com/invariant/-/invariant-2.2.4.tgz#610f3c92c9359ce1db616e538008d23ff35158e6"
  integrity sha512-phJfQVBuaJM5raOpJjSfkiD6BpbCE4Ns//LaXl6wGYtUBY83nWS6Rf9tXm2e8VaK60JEjYldbPif/A2B1C2gNA==
  dependencies:
    loose-envify "^1.0.0"

is-property@^1.0.2:
  version "1.0.2"
  resolved "https://registry.yarnpkg.com/is-property/-/is-property-1.0.2.tgz#57fe1c4e48474edd65b09911f26b1cd4095dda84"
  integrity sha512-Ks/IoX00TtClbGQr4TWXemAnktAQvYB7HzcCxDGqEZU6oCmb2INHuOoKxbtR+HFkmYWBKv/dOZtGRiAjDhj92g==

isarray@~1.0.0:
  version "1.0.0"
  resolved "https://registry.yarnpkg.com/isarray/-/isarray-1.0.0.tgz#bb935d48582cba168c06834957a54a3e07124f11"
  integrity sha512-VLghIWNM6ELQzo7zwmcg0NmTVyWKYjvIeM83yjp0wRDTmUnrM678fQbcKBo6n2CJEF0szoG//ytg+TKla89ALQ==

"js-tokens@^3.0.0 || ^4.0.0":
  version "4.0.0"
  resolved "https://registry.yarnpkg.com/js-tokens/-/js-tokens-4.0.0.tgz#19203fb59991df98e3a287050d4647cdeaf32499"
  integrity sha512-RdJUflcE3cUzKiMqQgsCu06FPu9UdIJO0beYbPhHN4k6apgJtifcoCtT9bcxOpYBtpD2kCM6Sbzg4CausW/PKQ==

link@^2.1.1:
  version "2.1.1"
  resolved "https://registry.yarnpkg.com/link/-/link-2.1.1.tgz#c5db408c295fcc75c9f7ff44ae62607e9b836dfa"
  integrity sha512-NV3AUVYBovJ6eVQcTeRoPnZSxzt2LOijNd+ugEZKRy/XeQlpTRhVRkuDv5kOlXwMAUx30vfUc7asRFb9RT65yg==

lodash@^4.17.21:
  version "4.17.21"
  resolved "https://registry.yarnpkg.com/lodash/-/lodash-4.17.21.tgz#679591c564c3bffaae8454cf0b3df370c3d6911c"
  integrity sha512-v2kDEe57lecTulaDIuNTPy3Ry4gLGJ6Z1O3vE1krgXZNrsQ+LFTGHVxVjcXPs17LhbZVGedAJv8XZ1tvj5FvSg==

long@^5.2.1:
  version "5.2.3"
  resolved "https://registry.yarnpkg.com/long/-/long-5.2.3.tgz#a3ba97f3877cf1d778eccbcb048525ebb77499e1"
  integrity sha512-lcHwpNoggQTObv5apGNCTdJrO69eHOZMi4BNC+rTLER8iHAqGrUVeLh/irVIM7zTw2bOXA8T6uNPeujwOLg/2Q==

loose-envify@^1.0.0, loose-envify@^1.1.0, loose-envify@^1.4.0:
  version "1.4.0"
  resolved "https://registry.yarnpkg.com/loose-envify/-/loose-envify-1.4.0.tgz#71ee51fa7be4caec1a63839f7e682d8132d30caf"
  integrity sha512-lyuxPGr/Wfhrlem2CL/UcnUc1zcqKAImBDzukY7Y5F/yQiNdko6+fRLevlw1HgMySw7f611UIY408EtxRSoK3Q==
  dependencies:
    js-tokens "^3.0.0 || ^4.0.0"

lru-cache@^7.14.1:
  version "7.18.3"
  resolved "https://registry.yarnpkg.com/lru-cache/-/lru-cache-7.18.3.tgz#f793896e0fd0e954a59dfdd82f0773808df6aa89"
  integrity sha512-jumlc0BIUrS3qJGgIkWZsyfAM7NCWiBcCDhnd+3NNM5KbBmLTgHVfWBcg6W+rLUsIpzpERPsvwUP7CckAQSOoA==

lru-cache@^8.0.0:
  version "8.0.5"
  resolved "https://registry.yarnpkg.com/lru-cache/-/lru-cache-8.0.5.tgz#983fe337f3e176667f8e567cfcce7cb064ea214e"
  integrity sha512-MhWWlVnuab1RG5/zMRRcVGXZLCXrZTgfwMikgzCegsPnG62yDQo5JnqKkrK4jO5iKqDAZGItAqN5CtKBCBWRUA==

media-typer@0.3.0:
  version "0.3.0"
  resolved "https://registry.yarnpkg.com/media-typer/-/media-typer-0.3.0.tgz#8710d7af0aa626f8fffa1ce00168545263255748"
  integrity sha512-dq+qelQ9akHpcOl/gUVRTxVIOkAJ1wR3QAvb4RsVjS8oVoFjDGTc679wJYmUmknUF5HwMLOgb5O+a3KxfWapPQ==

mime-db@1.52.0:
  version "1.52.0"
  resolved "https://registry.yarnpkg.com/mime-db/-/mime-db-1.52.0.tgz#bbabcdc02859f4987301c856e3387ce5ec43bf70"
  integrity sha512-sPU4uV7dYlvtWJxwwxHD0PuihVNiE7TyAbQ5SWxDCB9mUYvOgroQOwYQQOKPJ8CIbE+1ETVlOoK1UC2nU3gYvg==

mime-types@^2.1.12, mime-types@~2.1.24:
  version "2.1.35"
  resolved "https://registry.yarnpkg.com/mime-types/-/mime-types-2.1.35.tgz#381a871b62a734450660ae3deee44813f70d959a"
  integrity sha512-ZDY+bPm5zTTF+YpCrAU9nK0UgICYPT0QtT1NZWFv4s++TNkcgVaT0g6+4R2uI4MjQjzysHB1zxuWL50hzaeXiw==
  dependencies:
    mime-db "1.52.0"

minimist@^1.2.6:
  version "1.2.8"
  resolved "https://registry.yarnpkg.com/minimist/-/minimist-1.2.8.tgz#c1a464e7693302e082a075cee0c057741ac4772c"
  integrity sha512-2yyAR8qBkN3YuheJanUpWC5U3bb5osDywNB8RzDVlDwDHbocAJveqqj1u8+SVD7jkWT4yvsHCpWqqWqAxb0zCA==

mkdirp@^0.5.4:
  version "0.5.6"
  resolved "https://registry.yarnpkg.com/mkdirp/-/mkdirp-0.5.6.tgz#7def03d2432dcae4ba1d611445c48396062255f6"
  integrity sha512-FP+p8RB8OWpF3YZBCrP5gtADmtXApB5AMLn+vdyA+PyxCjrCs00mjyUozssO33cwDeT3wNGdLxJ5M//YqtHAJw==
  dependencies:
    minimist "^1.2.6"

moment-timezone@^0.5.43:
  version "0.5.45"
  resolved "https://registry.yarnpkg.com/moment-timezone/-/moment-timezone-0.5.45.tgz#cb685acd56bac10e69d93c536366eb65aa6bcf5c"
  integrity sha512-HIWmqA86KcmCAhnMAN0wuDOARV/525R2+lOLotuGFzn4HO+FH+/645z2wx0Dt3iDv6/p61SIvKnDstISainhLQ==
  dependencies:
    moment "^2.29.4"

moment@^2.29.4:
  version "2.30.1"
  resolved "https://registry.yarnpkg.com/moment/-/moment-2.30.1.tgz#f8c91c07b7a786e30c59926df530b4eac96974ae"
  integrity sha512-uEmtNhbDOrWPFS+hdjFCBfy9f2YoyzRpwcl+DqpC6taX21FzsTLQVbMV/W7PzNSX6x/bhC1zA3c2UQ5NzH6how==

ms@2.1.2:
  version "2.1.2"
  resolved "https://registry.yarnpkg.com/ms/-/ms-2.1.2.tgz#d09d1f357b443f493382a8eb3ccd183872ae6009"
  integrity sha512-sGkPx+VjMtmA6MX27oA4FBFELFCZZ4S4XqeGOXCv68tT+jb3vk/RyaKWP0PTKyWtmLSM0b+adUTEvbs1PEaH2w==

multer@^1.4.5-lts.1:
  version "1.4.5-lts.1"
  resolved "https://registry.yarnpkg.com/multer/-/multer-1.4.5-lts.1.tgz#803e24ad1984f58edffbc79f56e305aec5cfd1ac"
  integrity sha512-ywPWvcDMeH+z9gQq5qYHCCy+ethsk4goepZ45GLD63fOu0YcNecQxi64nDs3qluZB+murG3/D4dJ7+dGctcCQQ==
  dependencies:
    append-field "^1.0.0"
    busboy "^1.0.0"
    concat-stream "^1.5.2"
    mkdirp "^0.5.4"
    object-assign "^4.1.1"
    type-is "^1.6.4"
    xtend "^4.0.0"

mysql2@^3.10.1:
  version "3.10.1"
  resolved "https://registry.yarnpkg.com/mysql2/-/mysql2-3.10.1.tgz#c39b8faf24ef4fd56330ef269122471a22d19198"
  integrity sha512-6zo1T3GILsXMCex3YEu7hCz2OXLUarxFsxvFcUHWMpkPtmZLeTTWgRdc1gWyNJiYt6AxITmIf9bZDRy/jAfWew==
  dependencies:
    denque "^2.1.0"
    generate-function "^2.3.1"
    iconv-lite "^0.6.3"
    long "^5.2.1"
    lru-cache "^8.0.0"
    named-placeholders "^1.1.3"
    seq-queue "^0.0.5"
    sqlstring "^2.3.2"

named-placeholders@^1.1.3:
  version "1.1.3"
  resolved "https://registry.yarnpkg.com/named-placeholders/-/named-placeholders-1.1.3.tgz#df595799a36654da55dda6152ba7a137ad1d9351"
  integrity sha512-eLoBxg6wE/rZkJPhU/xRX1WTpkFEwDJEN96oxFrTsqBdbT5ec295Q+CoHrL9IT0DipqKhmGcaZmwOt8OON5x1w==
  dependencies:
    lru-cache "^7.14.1"

nanoid@^3.3.6:
  version "3.3.7"
  resolved "https://registry.yarnpkg.com/nanoid/-/nanoid-3.3.7.tgz#d0c301a691bc8d54efa0a2226ccf3fe2fd656bd8"
  integrity sha512-eSRppjcPIatRIMC1U6UngP8XFcz8MQWGQdt1MTBQ7NaAmvXDfvNxbvWV3x2y6CdEUciCSsDHDQZbhYaB8QEo2g==

next@14.2.4:
  version "14.2.4"
  resolved "https://registry.yarnpkg.com/next/-/next-14.2.4.tgz#ef66c39c71e2d8ad0a3caa0383c8933f4663e4d1"
  integrity sha512-R8/V7vugY+822rsQGQCjoLhMuC9oFj9SOi4Cl4b2wjDrseD0LRZ10W7R6Czo4w9ZznVSshKjuIomsRjvm9EKJQ==
  dependencies:
    "@next/env" "14.2.4"
    "@swc/helpers" "0.5.5"
    busboy "1.6.0"
    caniuse-lite "^1.0.30001579"
    graceful-fs "^4.2.11"
    postcss "8.4.31"
    styled-jsx "5.1.1"
  optionalDependencies:
    "@next/swc-darwin-arm64" "14.2.4"
    "@next/swc-darwin-x64" "14.2.4"
    "@next/swc-linux-arm64-gnu" "14.2.4"
    "@next/swc-linux-arm64-musl" "14.2.4"
    "@next/swc-linux-x64-gnu" "14.2.4"
    "@next/swc-linux-x64-musl" "14.2.4"
    "@next/swc-win32-arm64-msvc" "14.2.4"
    "@next/swc-win32-ia32-msvc" "14.2.4"
    "@next/swc-win32-x64-msvc" "14.2.4"

object-assign@^4.1.1:
  version "4.1.1"
  resolved "https://registry.yarnpkg.com/object-assign/-/object-assign-4.1.1.tgz#2109adc7965887cfc05cbbd442cac8bfbb360863"
  integrity sha512-rJgTQnkUnH1sFw8yT6VSU3zD3sWmu6sZhIseY8VX+GRu3P6F7Fu+JNDoXfklElbLJSnc3FUQHVe4cU5hj+BcUg==

once@^1.4.0:
  version "1.4.0"
  resolved "https://registry.yarnpkg.com/once/-/once-1.4.0.tgz#583b1aa775961d4b113ac17d9c50baef9dd76bd1"
  integrity sha512-lNaJgI+2Q5URQBkccEKHTQOPaXdUxnZZElQTZY0MFUAuaEqe1E+Nyvgdz/aIyNi6Z9MzO5dv1H8n58/GELp3+w==
  dependencies:
    wrappy "1"

pg-connection-string@^2.6.1:
  version "2.6.4"
  resolved "https://registry.yarnpkg.com/pg-connection-string/-/pg-connection-string-2.6.4.tgz#f543862adfa49fa4e14bc8a8892d2a84d754246d"
  integrity sha512-v+Z7W/0EO707aNMaAEfiGnGL9sxxumwLl2fJvCQtMn9Fxsg+lPpPkdcyBSv/KFgpGdYkMfn+EI1Or2EHjpgLCA==

picocolors@^1.0.0:
  version "1.0.1"
  resolved "https://registry.yarnpkg.com/picocolors/-/picocolors-1.0.1.tgz#a8ad579b571952f0e5d25892de5445bcfe25aaa1"
  integrity sha512-anP1Z8qwhkbmu7MFP5iTt+wQKXgwzf7zTyGlcdzabySa9vd0Xt392U0rVmz9poOaBj0uHJKyyo9/upk0HrEQew==

postcss@8.4.31:
  version "8.4.31"
  resolved "https://registry.yarnpkg.com/postcss/-/postcss-8.4.31.tgz#92b451050a9f914da6755af352bdc0192508656d"
  integrity sha512-PS08Iboia9mts/2ygV3eLpY5ghnUcfLV/EXTOW1E2qYxJKGGBUtNjN76FYHnMs36RmARn41bC0AZmn+rR0OVpQ==
  dependencies:
    nanoid "^3.3.6"
    picocolors "^1.0.0"
    source-map-js "^1.0.2"

process-nextick-args@~2.0.0:
  version "2.0.1"
  resolved "https://registry.yarnpkg.com/process-nextick-args/-/process-nextick-args-2.0.1.tgz#7820d9b16120cc55ca9ae7792680ae7dba6d7fe2"
  integrity sha512-3ouUOpQhtgrbOa17J7+uxOTpITYWaGP7/AhoR3+A+/1e9skrzelGi/dXzEYyvbxubEF6Wn2ypscTKiKJFFn1ag==

prop-types-extra@^1.1.0:
  version "1.1.1"
  resolved "https://registry.yarnpkg.com/prop-types-extra/-/prop-types-extra-1.1.1.tgz#58c3b74cbfbb95d304625975aa2f0848329a010b"
  integrity sha512-59+AHNnHYCdiC+vMwY52WmvP5dM3QLeoumYuEyceQDi9aEhtwN9zIQ2ZNo25sMyXnbh32h+P1ezDsUpUH3JAew==
  dependencies:
    react-is "^16.3.2"
    warning "^4.0.0"

prop-types@^15.6.2, prop-types@^15.8.1:
  version "15.8.1"
  resolved "https://registry.yarnpkg.com/prop-types/-/prop-types-15.8.1.tgz#67d87bf1a694f48435cf332c24af10214a3140b5"
  integrity sha512-oj87CgZICdulUohogVAR7AjlC0327U4el4L6eAvOqCeudMDVU0NThNaV+b9Df4dXgSP1gXMTnPdhfe/2qDH5cg==
  dependencies:
    loose-envify "^1.4.0"
    object-assign "^4.1.1"
    react-is "^16.13.1"

proxy-from-env@^1.1.0:
  version "1.1.0"
  resolved "https://registry.yarnpkg.com/proxy-from-env/-/proxy-from-env-1.1.0.tgz#e102f16ca355424865755d2c9e8ea4f24d58c3e2"
  integrity sha512-D+zkORCbA9f1tdWRK0RaCR3GPv50cMxcrz4X8k5LTSUD1Dkw47mKJEZQNunItRTkWwgtaUSo1RVFRIG9ZXiFYg==

react-bootstrap@^2.10.3:
  version "2.10.3"
  resolved "https://registry.yarnpkg.com/react-bootstrap/-/react-bootstrap-2.10.3.tgz#612c7b987bd1b386cf7169f65b7945f2552400e3"
  integrity sha512-cc1KAaQyj6Gr3AfA0eRRiUMSlRi3brDVcjc/o0E9y9XNW7ISo8TITrq8G8G3QTFe7VIhCiDt38k99AEFoLOolw==
  dependencies:
    "@babel/runtime" "^7.24.7"
    "@restart/hooks" "^0.4.9"
    "@restart/ui" "^1.6.9"
    "@types/react-transition-group" "^4.4.6"
    classnames "^2.3.2"
    dom-helpers "^5.2.1"
    invariant "^2.2.4"
    prop-types "^15.8.1"
    prop-types-extra "^1.1.0"
    react-transition-group "^4.4.5"
    uncontrollable "^7.2.1"
    warning "^4.0.3"

react-dom@^18:
  version "18.3.1"
  resolved "https://registry.yarnpkg.com/react-dom/-/react-dom-18.3.1.tgz#c2265d79511b57d479b3dd3fdfa51536494c5cb4"
  integrity sha512-5m4nQKp+rZRb09LNH59GM4BxTh9251/ylbKIbpe7TpGxfJ+9kv6BLkLBXIjjspbgbnIBNqlI23tRnTWT0snUIw==
  dependencies:
    loose-envify "^1.1.0"
    scheduler "^0.23.2"

react-is@^16.13.1, react-is@^16.3.2:
  version "16.13.1"
  resolved "https://registry.yarnpkg.com/react-is/-/react-is-16.13.1.tgz#789729a4dc36de2999dc156dd6c1d9c18cea56a4"
  integrity sha512-24e6ynE2H+OKt4kqsOvNd8kBpV65zoxbA4BVsEOB3ARVWQki/DHzaUoC5KuON/BiccDaCCTZBuOcfZs70kR8bQ==

react-lifecycles-compat@^3.0.4:
  version "3.0.4"
  resolved "https://registry.yarnpkg.com/react-lifecycles-compat/-/react-lifecycles-compat-3.0.4.tgz#4f1a273afdfc8f3488a8c516bfda78f872352362"
  integrity sha512-fBASbA6LnOU9dOU2eW7aQ8xmYBSXUIWr+UmF9b1efZBazGNO+rcXT/icdKnYm2pTwcRylVUYwW7H1PHfLekVzA==

react-transition-group@^4.4.5:
  version "4.4.5"
  resolved "https://registry.yarnpkg.com/react-transition-group/-/react-transition-group-4.4.5.tgz#e53d4e3f3344da8521489fbef8f2581d42becdd1"
  integrity sha512-pZcd1MCJoiKiBR2NRxeCRg13uCXbydPnmB4EOeRrY7480qNWO8IIgQG6zlDkm6uRMsURXPuKq0GWtiM59a5Q6g==
  dependencies:
    "@babel/runtime" "^7.5.5"
    dom-helpers "^5.0.1"
    loose-envify "^1.4.0"
    prop-types "^15.6.2"

react-zoom-pan-pinch@^3.5.1:
  version "3.5.1"
  resolved "https://registry.yarnpkg.com/react-zoom-pan-pinch/-/react-zoom-pan-pinch-3.5.1.tgz#7f010c620c4714b05739cf3bf8b7a61426c54b77"
  integrity sha512-Ehak8lZUwM4SH+19sQzVa7S95QdRTXjIdJRiVzlpYlCFjXCw1k+Eh/RdeytaiarqDEZdEfSoV7FSOqtsRTC9cg==

react@^18.3.1:
  version "18.3.1"
  resolved "https://registry.yarnpkg.com/react/-/react-18.3.1.tgz#49ab892009c53933625bd16b2533fc754cab2891"
  integrity sha512-wS+hAgJShR0KhEvPJArfuPVN1+Hz1t0Y6n5jLrGQbkb4urgPE/0Rve+1kMB1v/oWgHgm4WIcV+i7F2pTVj+2iQ==
  dependencies:
    loose-envify "^1.1.0"

readable-stream@^2.2.2:
  version "2.3.8"
  resolved "https://registry.yarnpkg.com/readable-stream/-/readable-stream-2.3.8.tgz#91125e8042bba1b9887f49345f6277027ce8be9b"
  integrity sha512-8p0AUk4XODgIewSi0l8Epjs+EVnWiK7NoDIEGU0HhE7+ZyY8D1IMY7odu5lRrFXGg71L15KG8QrPmum45RTtdA==
  dependencies:
    core-util-is "~1.0.0"
    inherits "~2.0.3"
    isarray "~1.0.0"
    process-nextick-args "~2.0.0"
    safe-buffer "~5.1.1"
    string_decoder "~1.1.1"
    util-deprecate "~1.0.1"

regenerator-runtime@^0.14.0:
  version "0.14.1"
  resolved "https://registry.yarnpkg.com/regenerator-runtime/-/regenerator-runtime-0.14.1.tgz#356ade10263f685dda125100cd862c1db895327f"
  integrity sha512-dYnhHh0nJoMfnkZs6GmmhFknAGRrLznOu5nc9ML+EJxGvrx6H7teuevqVqCuPcPK//3eDrrjQhehXVx9cnkGdw==

retry-as-promised@^7.0.4:
  version "7.0.4"
  resolved "https://registry.yarnpkg.com/retry-as-promised/-/retry-as-promised-7.0.4.tgz#9df73adaeea08cb2948b9d34990549dc13d800a2"
  integrity sha512-XgmCoxKWkDofwH8WddD0w85ZfqYz+ZHlr5yo+3YUCfycWawU56T5ckWXsScsj5B8tqUcIG67DxXByo3VUgiAdA==

safe-buffer@~5.1.0, safe-buffer@~5.1.1:
  version "5.1.2"
  resolved "https://registry.yarnpkg.com/safe-buffer/-/safe-buffer-5.1.2.tgz#991ec69d296e0313747d59bdfd2b745c35f8828d"
  integrity sha512-Gd2UZBJDkXlY7GbJxfsE8/nvKkUEU1G38c1siN6QP6a9PT9MmHB8GnpscSmMJSoF8LOIrt8ud/wPtojys4G6+g==

"safer-buffer@>= 2.1.2 < 3.0.0":
  version "2.1.2"
  resolved "https://registry.yarnpkg.com/safer-buffer/-/safer-buffer-2.1.2.tgz#44fa161b0187b9549dd84bb91802f9bd8385cd6a"
  integrity sha512-YZo3K82SD7Riyi0E1EQPojLz7kpepnSQI9IyPbHHg1XXXevb5dJI7tpyN2ADxGcQbHG7vcyRHk0cbwqcQriUtg==

scheduler@^0.23.2:
  version "0.23.2"
  resolved "https://registry.yarnpkg.com/scheduler/-/scheduler-0.23.2.tgz#414ba64a3b282892e944cf2108ecc078d115cdc3"
  integrity sha512-UOShsPwz7NrMUqhR6t0hWjFduvOzbtv7toDH1/hIrfRNIDBnnBWd0CwJTGvTpngVlmwGCdP9/Zl/tVrDqcuYzQ==
  dependencies:
    loose-envify "^1.1.0"

semver@^7.5.4:
  version "7.6.2"
  resolved "https://registry.yarnpkg.com/semver/-/semver-7.6.2.tgz#1e3b34759f896e8f14d6134732ce798aeb0c6e13"
  integrity sha512-FNAIBWCx9qcRhoHcgcJ0gvU7SN1lYU2ZXuSfl04bSC5OpvDHFyJCjdNHomPXxjQlCBU67YW64PzY7/VIEH7F2w==

seq-queue@^0.0.5:
  version "0.0.5"
  resolved "https://registry.yarnpkg.com/seq-queue/-/seq-queue-0.0.5.tgz#d56812e1c017a6e4e7c3e3a37a1da6d78dd3c93e"
  integrity sha512-hr3Wtp/GZIc/6DAGPDcV4/9WoZhjrkXsi5B/07QgX8tsdc6ilr7BFM6PM6rbdAX1kFSDYeZGLipIZZKyQP0O5Q==

sequelize-pool@^7.1.0:
  version "7.1.0"
  resolved "https://registry.yarnpkg.com/sequelize-pool/-/sequelize-pool-7.1.0.tgz#210b391af4002762f823188fd6ecfc7413020768"
  integrity sha512-G9c0qlIWQSK29pR/5U2JF5dDQeqqHRragoyahj/Nx4KOOQ3CPPfzxnfqFPCSB7x5UgjOgnZ61nSxz+fjDpRlJg==

sequelize@^6.37.3:
  version "6.37.3"
  resolved "https://registry.yarnpkg.com/sequelize/-/sequelize-6.37.3.tgz#ed6212029a52c59a18638d2a703da84bc2f81311"
  integrity sha512-V2FTqYpdZjPy3VQrZvjTPnOoLm0KudCRXfGWp48QwhyPPp2yW8z0p0sCYZd/em847Tl2dVxJJ1DR+hF+O77T7A==
  dependencies:
    "@types/debug" "^4.1.8"
    "@types/validator" "^13.7.17"
    debug "^4.3.4"
    dottie "^2.0.6"
    inflection "^1.13.4"
    lodash "^4.17.21"
    moment "^2.29.4"
    moment-timezone "^0.5.43"
    pg-connection-string "^2.6.1"
    retry-as-promised "^7.0.4"
    semver "^7.5.4"
    sequelize-pool "^7.1.0"
    toposort-class "^1.0.1"
    uuid "^8.3.2"
    validator "^13.9.0"
    wkx "^0.5.0"

source-map-js@^1.0.2:
  version "1.2.0"
  resolved "https://registry.yarnpkg.com/source-map-js/-/source-map-js-1.2.0.tgz#16b809c162517b5b8c3e7dcd315a2a5c2612b2af"
  integrity sha512-itJW8lvSA0TXEphiRoawsCksnlf8SyvmFzIhltqAHluXd88pkCd+cXJVHTDwdCr0IzwptSm035IHQktUu1QUMg==

sqlstring@^2.3.2:
  version "2.3.3"
  resolved "https://registry.yarnpkg.com/sqlstring/-/sqlstring-2.3.3.tgz#2ddc21f03bce2c387ed60680e739922c65751d0c"
  integrity sha512-qC9iz2FlN7DQl3+wjwn3802RTyjCx7sDvfQEXchwa6CWOx07/WVfh91gBmQ9fahw8snwGEWU3xGzOt4tFyHLxg==

streamsearch@^1.1.0:
  version "1.1.0"
  resolved "https://registry.yarnpkg.com/streamsearch/-/streamsearch-1.1.0.tgz#404dd1e2247ca94af554e841a8ef0eaa238da764"
  integrity sha512-Mcc5wHehp9aXz1ax6bZUyY5afg9u2rv5cqQI3mRrYkGC8rW2hM02jWuwjtL++LS5qinSyhj2QfLyNsuc+VsExg==

string_decoder@~1.1.1:
  version "1.1.1"
  resolved "https://registry.yarnpkg.com/string_decoder/-/string_decoder-1.1.1.tgz#9cf1611ba62685d7030ae9e4ba34149c3af03fc8"
  integrity sha512-n/ShnvDi6FHbbVfviro+WojiFzv+s8MPMHBczVePfUpDJLwoLT0ht1l4YwBCbi8pJAveEEdnkHyPyTP/mzRfwg==
  dependencies:
    safe-buffer "~5.1.0"

styled-jsx@5.1.1:
  version "5.1.1"
  resolved "https://registry.yarnpkg.com/styled-jsx/-/styled-jsx-5.1.1.tgz#839a1c3aaacc4e735fed0781b8619ea5d0009d1f"
  integrity sha512-pW7uC1l4mBZ8ugbiZrcIsiIvVx1UmTfw7UkC3Um2tmfUq9Bhk8IiyEIPl6F8agHgjzku6j0xQEZbfA5uSgSaCw==
  dependencies:
    client-only "0.0.1"

toposort-class@^1.0.1:
  version "1.0.1"
  resolved "https://registry.yarnpkg.com/toposort-class/-/toposort-class-1.0.1.tgz#7ffd1f78c8be28c3ba45cd4e1a3f5ee193bd9988"
  integrity sha512-OsLcGGbYF3rMjPUf8oKktyvCiUxSbqMMS39m33MAjLTC1DVIH6x3WSt63/M77ihI09+Sdfk1AXvfhCEeUmC7mg==

tslib@^2.4.0:
  version "2.6.3"
  resolved "https://registry.yarnpkg.com/tslib/-/tslib-2.6.3.tgz#0438f810ad7a9edcde7a241c3d80db693c8cbfe0"
  integrity sha512-xNvxJEOUiWPGhUuUdQgAJPKOOJfGnIyKySOc09XkKsgdUV/3E2zvwZYdejjmRgPCgcym1juLH3226yA7sEFJKQ==

type-is@^1.6.4:
  version "1.6.18"
  resolved "https://registry.yarnpkg.com/type-is/-/type-is-1.6.18.tgz#4e552cd05df09467dcbc4ef739de89f2cf37c131"
  integrity sha512-TkRKr9sUTxEH8MdfuCSP7VizJyzRNMjj2J2do2Jr3Kym598JVdEksuzPQCnlFPW4ky9Q+iA+ma9BGm06XQBy8g==
  dependencies:
    media-typer "0.3.0"
    mime-types "~2.1.24"

typedarray@^0.0.6:
  version "0.0.6"
  resolved "https://registry.yarnpkg.com/typedarray/-/typedarray-0.0.6.tgz#867ac74e3864187b1d3d47d996a78ec5c8830777"
  integrity sha512-/aCDEGatGvZ2BIk+HmLf4ifCJFwvKFNb9/JeZPMulfgFracn9QFcAf5GO8B/mweUjSoblS5In0cWhqpfs/5PQA==

uncontrollable@^7.2.1:
  version "7.2.1"
  resolved "https://registry.yarnpkg.com/uncontrollable/-/uncontrollable-7.2.1.tgz#1fa70ba0c57a14d5f78905d533cf63916dc75738"
  integrity sha512-svtcfoTADIB0nT9nltgjujTi7BzVmwjZClOmskKu/E8FW9BXzg9os8OLr4f8Dlnk0rYWJIWr4wv9eKUXiQvQwQ==
  dependencies:
    "@babel/runtime" "^7.6.3"
    "@types/react" ">=16.9.11"
    invariant "^2.2.4"
    react-lifecycles-compat "^3.0.4"

uncontrollable@^8.0.1:
  version "8.0.4"
  resolved "https://registry.yarnpkg.com/uncontrollable/-/uncontrollable-8.0.4.tgz#a0a8307f638795162fafd0550f4a1efa0f8c5eb6"
  integrity sha512-ulRWYWHvscPFc0QQXvyJjY6LIXU56f0h8pQFvhxiKk5V1fcI8gp9Ht9leVAhrVjzqMw0BgjspBINx9r6oyJUvQ==

undici-types@~5.26.4:
  version "5.26.5"
  resolved "https://registry.yarnpkg.com/undici-types/-/undici-types-5.26.5.tgz#bcd539893d00b56e964fd2657a4866b221a65617"
  integrity sha512-JlCMO+ehdEIKqlFxk6IfVoAUVmgz7cU7zD/h9XZ0qzeosSHmUJVOzSQvvYSYWXkFXC+IfLKSIffhv0sVZup6pA==

util-deprecate@~1.0.1:
  version "1.0.2"
  resolved "https://registry.yarnpkg.com/util-deprecate/-/util-deprecate-1.0.2.tgz#450d4dc9fa70de732762fbd2d4a28981419a0ccf"
  integrity sha512-EPD5q1uXyFxJpCrLnCc1nHnq3gOa6DZBocAIiI2TaSCA7VCJ1UJDMagCzIkXNsUYfD1daK//LTEQ8xiIbrHtcw==

uuid@^8.3.2:
  version "8.3.2"
  resolved "https://registry.yarnpkg.com/uuid/-/uuid-8.3.2.tgz#80d5b5ced271bb9af6c445f21a1a04c606cefbe2"
  integrity sha512-+NYs2QeMWy+GWFOEm9xnn6HCDp0l7QBD7ml8zLUmJ+93Q5NF0NocErnwkTkXVFNiX3/fpC6afS8Dhb/gz7R7eg==

validator@^13.9.0:
  version "13.12.0"
  resolved "https://registry.yarnpkg.com/validator/-/validator-13.12.0.tgz#7d78e76ba85504da3fee4fd1922b385914d4b35f"
  integrity sha512-c1Q0mCiPlgdTVVVIJIrBuxNicYE+t/7oKeI9MWLj3fh/uq2Pxh/3eeWbVZ4OcGW1TUf53At0njHw5SMdA3tmMg==

warning@^4.0.0, warning@^4.0.3:
  version "4.0.3"
  resolved "https://registry.yarnpkg.com/warning/-/warning-4.0.3.tgz#16e9e077eb8a86d6af7d64aa1e05fd85b4678ca3"
  integrity sha512-rpJyN222KWIvHJ/F53XSZv0Zl/accqHR8et1kpaMTD/fLCRxtV8iX8czMzY7sVZupTI3zcUTg8eycS2kNF9l6w==
  dependencies:
    loose-envify "^1.0.0"

wkx@^0.5.0:
  version "0.5.0"
  resolved "https://registry.yarnpkg.com/wkx/-/wkx-0.5.0.tgz#c6c37019acf40e517cc6b94657a25a3d4aa33e8c"
  integrity sha512-Xng/d4Ichh8uN4l0FToV/258EjMGU9MGcA0HV2d9B/ZpZB3lqQm7nkOdZdm5GhKtLLhAE7PiVQwN4eN+2YJJUg==
  dependencies:
    "@types/node" "*"

wrappy@1:
  version "1.0.2"
  resolved "https://registry.yarnpkg.com/wrappy/-/wrappy-1.0.2.tgz#b5243d8f3ec1aa35f1364605bc0d1036e30ab69f"
  integrity sha512-l4Sp/DRseor9wL6EvV2+TuQn63dMkPjZ/sp9XkghTEbV9KlPS1xUsZ3u7/IQO4wxtcFB4bgpQPRcR3QCvezPcQ==

xtend@^4.0.0:
  version "4.0.2"
  resolved "https://registry.yarnpkg.com/xtend/-/xtend-4.0.2.tgz#bb72779f5fa465186b1f438f674fa347fdb5db54"
  integrity sha512-LKYU1iAXJXUgAXn9URjiu+MWhyUXHsvfp7mcuYm9dSUKK0/CjtrUwFAxD82/mCWbtLsGjFIad0wIsod4zrTAEQ==
